
Microsoft Visual Studio Solution File, Format Version 12.00
# Visual Studio 15
VisualStudioVersion = 15.0.26730.16
MinimumVisualStudioVersion = 10.0.40219.1
Project("{9A19103F-16F7-4668-BE54-9A1E7A4F7556}") = "Shopper.Web.Api", "Shopper.Web.Api\Shopper.Web.Api.csproj", "{426FE58F-E39A-45C9-8B3F-8027D07915F1}"
EndProject
Project("{FAE04EC0-301F-11D3-BF4B-00C04F79EFBC}") = "Shopper.Web.Api.Test", "Shopper.Web.Api.Test\Shopper.Web.Api.Test.csproj", "{5C557737-76C7-4918-9C6C-DFF39D7ED95F}"
EndProject
Project("{FAE04EC0-301F-11D3-BF4B-00C04F79EFBC}") = "Shopper.Web.Api.Client", "Shopper.Web.Api.Client\Shopper.Web.Api.Client.csproj", "{672202F8-9325-4940-8169-DAA20C3B5E45}"
EndProject
Project("{FAE04EC0-301F-11D3-BF4B-00C04F79EFBC}") = "Shopper.Web.Api.Client.Test", "Shopper.Web.Api.Client.Test\Shopper.Web.Api.Client.Test.csproj", "{9C59FB0E-B2EA-45BB-91AD-4DFD7A0DC984}"
EndProject
Global
	GlobalSection(SolutionConfigurationPlatforms) = preSolution
		Debug|Any CPU = Debug|Any CPU
		Release|Any CPU = Release|Any CPU
	EndGlobalSection
	GlobalSection(ProjectConfigurationPlatforms) = postSolution
		{426FE58F-E39A-45C9-8B3F-8027D07915F1}.Debug|Any CPU.ActiveCfg = Debug|Any CPU
		{426FE58F-E39A-45C9-8B3F-8027D07915F1}.Debug|Any CPU.Build.0 = Debug|Any CPU
		{426FE58F-E39A-45C9-8B3F-8027D07915F1}.Release|Any CPU.ActiveCfg = Release|Any CPU
		{426FE58F-E39A-45C9-8B3F-8027D07915F1}.Release|Any CPU.Build.0 = Release|Any CPU
		{5C557737-76C7-4918-9C6C-DFF39D7ED95F}.Debug|Any CPU.ActiveCfg = Debug|Any CPU
		{5C557737-76C7-4918-9C6C-DFF39D7ED95F}.Debug|Any CPU.Build.0 = Debug|Any CPU
		{5C557737-76C7-4918-9C6C-DFF39D7ED95F}.Release|Any CPU.ActiveCfg = Release|Any CPU
		{5C557737-76C7-4918-9C6C-DFF39D7ED95F}.Release|Any CPU.Build.0 = Release|Any CPU
		{672202F8-9325-4940-8169-DAA20C3B5E45}.Debug|Any CPU.ActiveCfg = Debug|Any CPU
		{672202F8-9325-4940-8169-DAA20C3B5E45}.Debug|Any CPU.Build.0 = Debug|Any CPU
		{672202F8-9325-4940-8169-DAA20C3B5E45}.Release|Any CPU.ActiveCfg = Release|Any CPU
		{672202F8-9325-4940-8169-DAA20C3B5E45}.Release|Any CPU.Build.0 = Release|Any CPU
		{9C59FB0E-B2EA-45BB-91AD-4DFD7A0DC984}.Debug|Any CPU.ActiveCfg = Debug|Any CPU
		{9C59FB0E-B2EA-45BB-91AD-4DFD7A0DC984}.Debug|Any CPU.Build.0 = Debug|Any CPU
		{9C59FB0E-B2EA-45BB-91AD-4DFD7A0DC984}.Release|Any CPU.ActiveCfg = Release|Any CPU
		{9C59FB0E-B2EA-45BB-91AD-4DFD7A0DC984}.Release|Any CPU.Build.0 = Release|Any CPU
	EndGlobalSection
	GlobalSection(SolutionProperties) = preSolution
		HideSolutionNode = FALSE
	EndGlobalSection
	GlobalSection(ExtensibilityGlobals) = postSolution
		SolutionGuid = {9FD90929-8541-47C2-8100-8CB32F6F028E}
	EndGlobalSection
EndGlobal
